// !$*UTF8*$!
{
	archiveVersion = 1;
	classes = {
	};
	objectVersion = 56;
	objects = {

/* Begin PBXBuildFile section */
		122EF6382ABF5401007F708A /* WorkoutScreen.swift in Sources */ = {isa = PBXBuildFile; fileRef = 122EF6372ABF5401007F708A /* WorkoutScreen.swift */; };
		12B260472ABDF23E00AF9526 /* WorkoutDetailView.swift in Sources */ = {isa = PBXBuildFile; fileRef = 12B260462ABDF23E00AF9526 /* WorkoutDetailView.swift */; };
		12B260492ABDF7C700AF9526 /* HistoryView.swift in Sources */ = {isa = PBXBuildFile; fileRef = 12B260482ABDF7C700AF9526 /* HistoryView.swift */; };
		12B2604B2ABDF86600AF9526 /* EditWorkoutView.swift in Sources */ = {isa = PBXBuildFile; fileRef = 12B2604A2ABDF86600AF9526 /* EditWorkoutView.swift */; };
		12B2604D2ABE05B900AF9526 /* WorkoutsListView.swift in Sources */ = {isa = PBXBuildFile; fileRef = 12B2604C2ABE05B900AF9526 /* WorkoutsListView.swift */; };
		12B260512ABE09E900AF9526 /* WorkoutCardView.swift in Sources */ = {isa = PBXBuildFile; fileRef = 12B260502ABE09E900AF9526 /* WorkoutCardView.swift */; };
		12D9BD842ABCCB8B00B9B7B4 /* DeWeeseApp.swift in Sources */ = {isa = PBXBuildFile; fileRef = 12D9BD832ABCCB8B00B9B7B4 /* DeWeeseApp.swift */; };
		12D9BD862ABCCB8B00B9B7B4 /* ContentView.swift in Sources */ = {isa = PBXBuildFile; fileRef = 12D9BD852ABCCB8B00B9B7B4 /* ContentView.swift */; };
		12D9BD882ABCCB8C00B9B7B4 /* Assets.xcassets in Resources */ = {isa = PBXBuildFile; fileRef = 12D9BD872ABCCB8C00B9B7B4 /* Assets.xcassets */; };
		12D9BD8C2ABCCB8C00B9B7B4 /* Preview Assets.xcassets in Resources */ = {isa = PBXBuildFile; fileRef = 12D9BD8B2ABCCB8C00B9B7B4 /* Preview Assets.xcassets */; };
		12D9BD962ABCCB8C00B9B7B4 /* DeWeeseTests.swift in Sources */ = {isa = PBXBuildFile; fileRef = 12D9BD952ABCCB8C00B9B7B4 /* DeWeeseTests.swift */; };
		12D9BDA02ABCCB8C00B9B7B4 /* DeWeeseUITests.swift in Sources */ = {isa = PBXBuildFile; fileRef = 12D9BD9F2ABCCB8C00B9B7B4 /* DeWeeseUITests.swift */; };
		12D9BDA22ABCCB8C00B9B7B4 /* DeWeeseUITestsLaunchTests.swift in Sources */ = {isa = PBXBuildFile; fileRef = 12D9BDA12ABCCB8C00B9B7B4 /* DeWeeseUITestsLaunchTests.swift */; };
		12D9BDB32ABCD53D00B9B7B4 /* WorkoutModel.swift in Sources */ = {isa = PBXBuildFile; fileRef = 12D9BDB22ABCD53D00B9B7B4 /* WorkoutModel.swift */; };
		12D9BDB62ABCD58300B9B7B4 /* Realm in Frameworks */ = {isa = PBXBuildFile; productRef = 12D9BDB52ABCD58300B9B7B4 /* Realm */; };
		12D9BDB82ABCD58300B9B7B4 /* RealmSwift in Frameworks */ = {isa = PBXBuildFile; productRef = 12D9BDB72ABCD58300B9B7B4 /* RealmSwift */; };
		12D9BDBA2ABCD77700B9B7B4 /* HistoryModel.swift in Sources */ = {isa = PBXBuildFile; fileRef = 12D9BDB92ABCD77700B9B7B4 /* HistoryModel.swift */; };
		12D9BDBC2ABCE61200B9B7B4 /* SpeechRecognizer.swift in Sources */ = {isa = PBXBuildFile; fileRef = 12D9BDBB2ABCE61200B9B7B4 /* SpeechRecognizer.swift */; };
		12D9BDC02ABCEED900B9B7B4 /* BackButton.swift in Sources */ = {isa = PBXBuildFile; fileRef = 12D9BDBF2ABCEED900B9B7B4 /* BackButton.swift */; };
		12D9BDC22ABCF2EB00B9B7B4 /* HapticManager.swift in Sources */ = {isa = PBXBuildFile; fileRef = 12D9BDC12ABCF2EB00B9B7B4 /* HapticManager.swift */; };
		12D9BDC42ABDBF0200B9B7B4 /* ColorModel.swift in Sources */ = {isa = PBXBuildFile; fileRef = 12D9BDC32ABDBF0200B9B7B4 /* ColorModel.swift */; };
/* End PBXBuildFile section */

/* Begin PBXContainerItemProxy section */
		12D9BD922ABCCB8C00B9B7B4 /* PBXContainerItemProxy */ = {
			isa = PBXContainerItemProxy;
			containerPortal = 12D9BD782ABCCB8B00B9B7B4 /* Project object */;
			proxyType = 1;
			remoteGlobalIDString = 12D9BD7F2ABCCB8B00B9B7B4;
			remoteInfo = DeWeese;
		};
		12D9BD9C2ABCCB8C00B9B7B4 /* PBXContainerItemProxy */ = {
			isa = PBXContainerItemProxy;
			containerPortal = 12D9BD782ABCCB8B00B9B7B4 /* Project object */;
			proxyType = 1;
			remoteGlobalIDString = 12D9BD7F2ABCCB8B00B9B7B4;
			remoteInfo = DeWeese;
		};
/* End PBXContainerItemProxy section */

/* Begin PBXFileReference section */
		122EF6372ABF5401007F708A /* WorkoutScreen.swift */ = {isa = PBXFileReference; lastKnownFileType = sourcecode.swift; path = WorkoutScreen.swift; sourceTree = "<group>"; };
		12B260462ABDF23E00AF9526 /* WorkoutDetailView.swift */ = {isa = PBXFileReference; lastKnownFileType = sourcecode.swift; path = WorkoutDetailView.swift; sourceTree = "<group>"; };
		12B260482ABDF7C700AF9526 /* HistoryView.swift */ = {isa = PBXFileReference; lastKnownFileType = sourcecode.swift; path = HistoryView.swift; sourceTree = "<group>"; };
		12B2604A2ABDF86600AF9526 /* EditWorkoutView.swift */ = {isa = PBXFileReference; lastKnownFileType = sourcecode.swift; path = EditWorkoutView.swift; sourceTree = "<group>"; };
		12B2604C2ABE05B900AF9526 /* WorkoutsListView.swift */ = {isa = PBXFileReference; lastKnownFileType = sourcecode.swift; path = WorkoutsListView.swift; sourceTree = "<group>"; };
		12B260502ABE09E900AF9526 /* WorkoutCardView.swift */ = {isa = PBXFileReference; lastKnownFileType = sourcecode.swift; path = WorkoutCardView.swift; sourceTree = "<group>"; };
		12D9BD802ABCCB8B00B9B7B4 /* DeWeese.app */ = {isa = PBXFileReference; explicitFileType = wrapper.application; includeInIndex = 0; path = DeWeese.app; sourceTree = BUILT_PRODUCTS_DIR; };
		12D9BD832ABCCB8B00B9B7B4 /* DeWeeseApp.swift */ = {isa = PBXFileReference; lastKnownFileType = sourcecode.swift; path = DeWeeseApp.swift; sourceTree = "<group>"; };
		12D9BD852ABCCB8B00B9B7B4 /* ContentView.swift */ = {isa = PBXFileReference; lastKnownFileType = sourcecode.swift; path = ContentView.swift; sourceTree = "<group>"; };
		12D9BD872ABCCB8C00B9B7B4 /* Assets.xcassets */ = {isa = PBXFileReference; lastKnownFileType = folder.assetcatalog; path = Assets.xcassets; sourceTree = "<group>"; };
		12D9BD892ABCCB8C00B9B7B4 /* DeWeese.entitlements */ = {isa = PBXFileReference; lastKnownFileType = text.plist.entitlements; path = DeWeese.entitlements; sourceTree = "<group>"; };
		12D9BD8B2ABCCB8C00B9B7B4 /* Preview Assets.xcassets */ = {isa = PBXFileReference; lastKnownFileType = folder.assetcatalog; path = "Preview Assets.xcassets"; sourceTree = "<group>"; };
		12D9BD912ABCCB8C00B9B7B4 /* DeWeeseTests.xctest */ = {isa = PBXFileReference; explicitFileType = wrapper.cfbundle; includeInIndex = 0; path = DeWeeseTests.xctest; sourceTree = BUILT_PRODUCTS_DIR; };
		12D9BD952ABCCB8C00B9B7B4 /* DeWeeseTests.swift */ = {isa = PBXFileReference; lastKnownFileType = sourcecode.swift; path = DeWeeseTests.swift; sourceTree = "<group>"; };
		12D9BD9B2ABCCB8C00B9B7B4 /* DeWeeseUITests.xctest */ = {isa = PBXFileReference; explicitFileType = wrapper.cfbundle; includeInIndex = 0; path = DeWeeseUITests.xctest; sourceTree = BUILT_PRODUCTS_DIR; };
		12D9BD9F2ABCCB8C00B9B7B4 /* DeWeeseUITests.swift */ = {isa = PBXFileReference; lastKnownFileType = sourcecode.swift; path = DeWeeseUITests.swift; sourceTree = "<group>"; };
		12D9BDA12ABCCB8C00B9B7B4 /* DeWeeseUITestsLaunchTests.swift */ = {isa = PBXFileReference; lastKnownFileType = sourcecode.swift; path = DeWeeseUITestsLaunchTests.swift; sourceTree = "<group>"; };
		12D9BDB22ABCD53D00B9B7B4 /* WorkoutModel.swift */ = {isa = PBXFileReference; lastKnownFileType = sourcecode.swift; path = WorkoutModel.swift; sourceTree = "<group>"; };
		12D9BDB92ABCD77700B9B7B4 /* HistoryModel.swift */ = {isa = PBXFileReference; lastKnownFileType = sourcecode.swift; path = HistoryModel.swift; sourceTree = "<group>"; };
		12D9BDBB2ABCE61200B9B7B4 /* SpeechRecognizer.swift */ = {isa = PBXFileReference; lastKnownFileType = sourcecode.swift; path = SpeechRecognizer.swift; sourceTree = "<group>"; };
		12D9BDBF2ABCEED900B9B7B4 /* BackButton.swift */ = {isa = PBXFileReference; lastKnownFileType = sourcecode.swift; path = BackButton.swift; sourceTree = "<group>"; };
		12D9BDC12ABCF2EB00B9B7B4 /* HapticManager.swift */ = {isa = PBXFileReference; lastKnownFileType = sourcecode.swift; path = HapticManager.swift; sourceTree = "<group>"; };
		12D9BDC32ABDBF0200B9B7B4 /* ColorModel.swift */ = {isa = PBXFileReference; lastKnownFileType = sourcecode.swift; path = ColorModel.swift; sourceTree = "<group>"; };
/* End PBXFileReference section */

/* Begin PBXFrameworksBuildPhase section */
		12D9BD7D2ABCCB8B00B9B7B4 /* Frameworks */ = {
			isa = PBXFrameworksBuildPhase;
			buildActionMask = 2147483647;
			files = (
				12D9BDB82ABCD58300B9B7B4 /* RealmSwift in Frameworks */,
				12D9BDB62ABCD58300B9B7B4 /* Realm in Frameworks */,
			);
			runOnlyForDeploymentPostprocessing = 0;
		};
		12D9BD8E2ABCCB8C00B9B7B4 /* Frameworks */ = {
			isa = PBXFrameworksBuildPhase;
			buildActionMask = 2147483647;
			files = (
			);
			runOnlyForDeploymentPostprocessing = 0;
		};
		12D9BD982ABCCB8C00B9B7B4 /* Frameworks */ = {
			isa = PBXFrameworksBuildPhase;
			buildActionMask = 2147483647;
			files = (
			);
			runOnlyForDeploymentPostprocessing = 0;
		};
/* End PBXFrameworksBuildPhase section */

/* Begin PBXGroup section */
		12D9BD772ABCCB8B00B9B7B4 = {
			isa = PBXGroup;
			children = (
				12D9BD822ABCCB8B00B9B7B4 /* DeWeese */,
				12D9BD942ABCCB8C00B9B7B4 /* DeWeeseTests */,
				12D9BD9E2ABCCB8C00B9B7B4 /* DeWeeseUITests */,
				12D9BD812ABCCB8B00B9B7B4 /* Products */,
			);
			sourceTree = "<group>";
		};
		12D9BD812ABCCB8B00B9B7B4 /* Products */ = {
			isa = PBXGroup;
			children = (
				12D9BD802ABCCB8B00B9B7B4 /* DeWeese.app */,
				12D9BD912ABCCB8C00B9B7B4 /* DeWeeseTests.xctest */,
				12D9BD9B2ABCCB8C00B9B7B4 /* DeWeeseUITests.xctest */,
			);
			name = Products;
			sourceTree = "<group>";
		};
		12D9BD822ABCCB8B00B9B7B4 /* DeWeese */ = {
			isa = PBXGroup;
			children = (
				12D9BDAE2ABCD4DD00B9B7B4 /* WorkoutPackage */,
				12D9BD832ABCCB8B00B9B7B4 /* DeWeeseApp.swift */,
				12D9BD852ABCCB8B00B9B7B4 /* ContentView.swift */,
				12D9BD872ABCCB8C00B9B7B4 /* Assets.xcassets */,
				12D9BD892ABCCB8C00B9B7B4 /* DeWeese.entitlements */,
				12D9BD8A2ABCCB8C00B9B7B4 /* Preview Content */,
			);
			path = DeWeese;
			sourceTree = "<group>";
		};
		12D9BD8A2ABCCB8C00B9B7B4 /* Preview Content */ = {
			isa = PBXGroup;
			children = (
				12D9BD8B2ABCCB8C00B9B7B4 /* Preview Assets.xcassets */,
			);
			path = "Preview Content";
			sourceTree = "<group>";
		};
		12D9BD942ABCCB8C00B9B7B4 /* DeWeeseTests */ = {
			isa = PBXGroup;
			children = (
				12D9BD952ABCCB8C00B9B7B4 /* DeWeeseTests.swift */,
			);
			path = DeWeeseTests;
			sourceTree = "<group>";
		};
		12D9BD9E2ABCCB8C00B9B7B4 /* DeWeeseUITests */ = {
			isa = PBXGroup;
			children = (
				12D9BD9F2ABCCB8C00B9B7B4 /* DeWeeseUITests.swift */,
				12D9BDA12ABCCB8C00B9B7B4 /* DeWeeseUITestsLaunchTests.swift */,
			);
			path = DeWeeseUITests;
			sourceTree = "<group>";
		};
		12D9BDAE2ABCD4DD00B9B7B4 /* WorkoutPackage */ = {
			isa = PBXGroup;
			children = (
				12D9BDB12ABCD50300B9B7B4 /* Support */,
				12D9BDB02ABCD4F000B9B7B4 /* Models */,
				12D9BDAF2ABCD4E900B9B7B4 /* Views */,
			);
			path = WorkoutPackage;
			sourceTree = "<group>";
		};
		12D9BDAF2ABCD4E900B9B7B4 /* Views */ = {
			isa = PBXGroup;
			children = (
				12B260462ABDF23E00AF9526 /* WorkoutDetailView.swift */,
				12B260482ABDF7C700AF9526 /* HistoryView.swift */,
				12B2604A2ABDF86600AF9526 /* EditWorkoutView.swift */,
				12B2604C2ABE05B900AF9526 /* WorkoutsListView.swift */,
				12B260502ABE09E900AF9526 /* WorkoutCardView.swift */,
				122EF6372ABF5401007F708A /* WorkoutScreen.swift */,
			);
			path = Views;
			sourceTree = "<group>";
		};
		12D9BDB02ABCD4F000B9B7B4 /* Models */ = {
			isa = PBXGroup;
			children = (
				12D9BDB22ABCD53D00B9B7B4 /* WorkoutModel.swift */,
				12D9BDB92ABCD77700B9B7B4 /* HistoryModel.swift */,
				12D9BDBB2ABCE61200B9B7B4 /* SpeechRecognizer.swift */,
				12D9BDC32ABDBF0200B9B7B4 /* ColorModel.swift */,
			);
			path = Models;
			sourceTree = "<group>";
		};
		12D9BDB12ABCD50300B9B7B4 /* Support */ = {
			isa = PBXGroup;
			children = (
				12D9BDBF2ABCEED900B9B7B4 /* BackButton.swift */,
				12D9BDC12ABCF2EB00B9B7B4 /* HapticManager.swift */,
			);
			path = Support;
			sourceTree = "<group>";
		};
/* End PBXGroup section */

/* Begin PBXNativeTarget section */
		12D9BD7F2ABCCB8B00B9B7B4 /* DeWeese */ = {
			isa = PBXNativeTarget;
			buildConfigurationList = 12D9BDA52ABCCB8C00B9B7B4 /* Build configuration list for PBXNativeTarget "DeWeese" */;
			buildPhases = (
				12D9BD7C2ABCCB8B00B9B7B4 /* Sources */,
				12D9BD7D2ABCCB8B00B9B7B4 /* Frameworks */,
				12D9BD7E2ABCCB8B00B9B7B4 /* Resources */,
			);
			buildRules = (
			);
			dependencies = (
			);
			name = DeWeese;
			packageProductDependencies = (
				12D9BDB52ABCD58300B9B7B4 /* Realm */,
				12D9BDB72ABCD58300B9B7B4 /* RealmSwift */,
			);
			productName = DeWeese;
			productReference = 12D9BD802ABCCB8B00B9B7B4 /* DeWeese.app */;
			productType = "com.apple.product-type.application";
		};
		12D9BD902ABCCB8C00B9B7B4 /* DeWeeseTests */ = {
			isa = PBXNativeTarget;
			buildConfigurationList = 12D9BDA82ABCCB8C00B9B7B4 /* Build configuration list for PBXNativeTarget "DeWeeseTests" */;
			buildPhases = (
				12D9BD8D2ABCCB8C00B9B7B4 /* Sources */,
				12D9BD8E2ABCCB8C00B9B7B4 /* Frameworks */,
				12D9BD8F2ABCCB8C00B9B7B4 /* Resources */,
			);
			buildRules = (
			);
			dependencies = (
				12D9BD932ABCCB8C00B9B7B4 /* PBXTargetDependency */,
			);
			name = DeWeeseTests;
			productName = DeWeeseTests;
			productReference = 12D9BD912ABCCB8C00B9B7B4 /* DeWeeseTests.xctest */;
			productType = "com.apple.product-type.bundle.unit-test";
		};
		12D9BD9A2ABCCB8C00B9B7B4 /* DeWeeseUITests */ = {
			isa = PBXNativeTarget;
			buildConfigurationList = 12D9BDAB2ABCCB8C00B9B7B4 /* Build configuration list for PBXNativeTarget "DeWeeseUITests" */;
			buildPhases = (
				12D9BD972ABCCB8C00B9B7B4 /* Sources */,
				12D9BD982ABCCB8C00B9B7B4 /* Frameworks */,
				12D9BD992ABCCB8C00B9B7B4 /* Resources */,
			);
			buildRules = (
			);
			dependencies = (
				12D9BD9D2ABCCB8C00B9B7B4 /* PBXTargetDependency */,
			);
			name = DeWeeseUITests;
			productName = DeWeeseUITests;
			productReference = 12D9BD9B2ABCCB8C00B9B7B4 /* DeWeeseUITests.xctest */;
			productType = "com.apple.product-type.bundle.ui-testing";
		};
/* End PBXNativeTarget section */

/* Begin PBXProject section */
		12D9BD782ABCCB8B00B9B7B4 /* Project object */ = {
			isa = PBXProject;
			attributes = {
				BuildIndependentTargetsInParallel = 1;
				LastSwiftUpdateCheck = 1500;
				LastUpgradeCheck = 1500;
				TargetAttributes = {
					12D9BD7F2ABCCB8B00B9B7B4 = {
						CreatedOnToolsVersion = 15.0;
					};
					12D9BD902ABCCB8C00B9B7B4 = {
						CreatedOnToolsVersion = 15.0;
						TestTargetID = 12D9BD7F2ABCCB8B00B9B7B4;
					};
					12D9BD9A2ABCCB8C00B9B7B4 = {
						CreatedOnToolsVersion = 15.0;
						TestTargetID = 12D9BD7F2ABCCB8B00B9B7B4;
					};
				};
			};
			buildConfigurationList = 12D9BD7B2ABCCB8B00B9B7B4 /* Build configuration list for PBXProject "DeWeese" */;
			compatibilityVersion = "Xcode 14.0";
			developmentRegion = en;
			hasScannedForEncodings = 0;
			knownRegions = (
				en,
				Base,
			);
			mainGroup = 12D9BD772ABCCB8B00B9B7B4;
			packageReferences = (
				12D9BDB42ABCD58300B9B7B4 /* XCRemoteSwiftPackageReference "realm-swift" */,
			);
			productRefGroup = 12D9BD812ABCCB8B00B9B7B4 /* Products */;
			projectDirPath = "";
			projectRoot = "";
			targets = (
				12D9BD7F2ABCCB8B00B9B7B4 /* DeWeese */,
				12D9BD902ABCCB8C00B9B7B4 /* DeWeeseTests */,
				12D9BD9A2ABCCB8C00B9B7B4 /* DeWeeseUITests */,
			);
		};
/* End PBXProject section */

/* Begin PBXResourcesBuildPhase section */
		12D9BD7E2ABCCB8B00B9B7B4 /* Resources */ = {
			isa = PBXResourcesBuildPhase;
			buildActionMask = 2147483647;
			files = (
				12D9BD8C2ABCCB8C00B9B7B4 /* Preview Assets.xcassets in Resources */,
				12D9BD882ABCCB8C00B9B7B4 /* Assets.xcassets in Resources */,
			);
			runOnlyForDeploymentPostprocessing = 0;
		};
		12D9BD8F2ABCCB8C00B9B7B4 /* Resources */ = {
			isa = PBXResourcesBuildPhase;
			buildActionMask = 2147483647;
			files = (
			);
			runOnlyForDeploymentPostprocessing = 0;
		};
		12D9BD992ABCCB8C00B9B7B4 /* Resources */ = {
			isa = PBXResourcesBuildPhase;
			buildActionMask = 2147483647;
			files = (
			);
			runOnlyForDeploymentPostprocessing = 0;
		};
/* End PBXResourcesBuildPhase section */

/* Begin PBXSourcesBuildPhase section */
		12D9BD7C2ABCCB8B00B9B7B4 /* Sources */ = {
			isa = PBXSourcesBuildPhase;
			buildActionMask = 2147483647;
			files = (
				12D9BDBC2ABCE61200B9B7B4 /* SpeechRecognizer.swift in Sources */,
				12B260472ABDF23E00AF9526 /* WorkoutDetailView.swift in Sources */,
				12B260512ABE09E900AF9526 /* WorkoutCardView.swift in Sources */,
				12B2604D2ABE05B900AF9526 /* WorkoutsListView.swift in Sources */,
				12B2604B2ABDF86600AF9526 /* EditWorkoutView.swift in Sources */,
				12D9BDC42ABDBF0200B9B7B4 /* ColorModel.swift in Sources */,
				12D9BDC22ABCF2EB00B9B7B4 /* HapticManager.swift in Sources */,
				12B260492ABDF7C700AF9526 /* HistoryView.swift in Sources */,
				12D9BDBA2ABCD77700B9B7B4 /* HistoryModel.swift in Sources */,
				122EF6382ABF5401007F708A /* WorkoutScreen.swift in Sources */,
				12D9BD862ABCCB8B00B9B7B4 /* ContentView.swift in Sources */,
				12D9BDB32ABCD53D00B9B7B4 /* WorkoutModel.swift in Sources */,
				12D9BDC02ABCEED900B9B7B4 /* BackButton.swift in Sources */,
				12D9BD842ABCCB8B00B9B7B4 /* DeWeeseApp.swift in Sources */,
			);
			runOnlyForDeploymentPostprocessing = 0;
		};
		12D9BD8D2ABCCB8C00B9B7B4 /* Sources */ = {
			isa = PBXSourcesBuildPhase;
			buildActionMask = 2147483647;
			files = (
				12D9BD962ABCCB8C00B9B7B4 /* DeWeeseTests.swift in Sources */,
			);
			runOnlyForDeploymentPostprocessing = 0;
		};
		12D9BD972ABCCB8C00B9B7B4 /* Sources */ = {
			isa = PBXSourcesBuildPhase;
			buildActionMask = 2147483647;
			files = (
				12D9BDA02ABCCB8C00B9B7B4 /* DeWeeseUITests.swift in Sources */,
				12D9BDA22ABCCB8C00B9B7B4 /* DeWeeseUITestsLaunchTests.swift in Sources */,
			);
			runOnlyForDeploymentPostprocessing = 0;
		};
/* End PBXSourcesBuildPhase section */

/* Begin PBXTargetDependency section */
		12D9BD932ABCCB8C00B9B7B4 /* PBXTargetDependency */ = {
			isa = PBXTargetDependency;
			target = 12D9BD7F2ABCCB8B00B9B7B4 /* DeWeese */;
			targetProxy = 12D9BD922ABCCB8C00B9B7B4 /* PBXContainerItemProxy */;
		};
		12D9BD9D2ABCCB8C00B9B7B4 /* PBXTargetDependency */ = {
			isa = PBXTargetDependency;
			target = 12D9BD7F2ABCCB8B00B9B7B4 /* DeWeese */;
			targetProxy = 12D9BD9C2ABCCB8C00B9B7B4 /* PBXContainerItemProxy */;
		};
/* End PBXTargetDependency section */

/* Begin XCBuildConfiguration section */
		12D9BDA32ABCCB8C00B9B7B4 /* Debug */ = {
			isa = XCBuildConfiguration;
			buildSettings = {
				ALWAYS_SEARCH_USER_PATHS = NO;
				ASSETCATALOG_COMPILER_GENERATE_SWIFT_ASSET_SYMBOL_EXTENSIONS = YES;
				CLANG_ANALYZER_NONNULL = YES;
				CLANG_ANALYZER_NUMBER_OBJECT_CONVERSION = YES_AGGRESSIVE;
				CLANG_CXX_LANGUAGE_STANDARD = "gnu++20";
				CLANG_ENABLE_MODULES = YES;
				CLANG_ENABLE_OBJC_ARC = YES;
				CLANG_ENABLE_OBJC_WEAK = YES;
				CLANG_WARN_BLOCK_CAPTURE_AUTORELEASING = YES;
				CLANG_WARN_BOOL_CONVERSION = YES;
				CLANG_WARN_COMMA = YES;
				CLANG_WARN_CONSTANT_CONVERSION = YES;
				CLANG_WARN_DEPRECATED_OBJC_IMPLEMENTATIONS = YES;
				CLANG_WARN_DIRECT_OBJC_ISA_USAGE = YES_ERROR;
				CLANG_WARN_DOCUMENTATION_COMMENTS = YES;
				CLANG_WARN_EMPTY_BODY = YES;
				CLANG_WARN_ENUM_CONVERSION = YES;
				CLANG_WARN_INFINITE_RECURSION = YES;
				CLANG_WARN_INT_CONVERSION = YES;
				CLANG_WARN_NON_LITERAL_NULL_CONVERSION = YES;
				CLANG_WARN_OBJC_IMPLICIT_RETAIN_SELF = YES;
				CLANG_WARN_OBJC_LITERAL_CONVERSION = YES;
				CLANG_WARN_OBJC_ROOT_CLASS = YES_ERROR;
				CLANG_WARN_QUOTED_INCLUDE_IN_FRAMEWORK_HEADER = YES;
				CLANG_WARN_RANGE_LOOP_ANALYSIS = YES;
				CLANG_WARN_STRICT_PROTOTYPES = YES;
				CLANG_WARN_SUSPICIOUS_MOVE = YES;
				CLANG_WARN_UNGUARDED_AVAILABILITY = YES_AGGRESSIVE;
				CLANG_WARN_UNREACHABLE_CODE = YES;
				CLANG_WARN__DUPLICATE_METHOD_MATCH = YES;
				COPY_PHASE_STRIP = NO;
				DEBUG_INFORMATION_FORMAT = dwarf;
				ENABLE_STRICT_OBJC_MSGSEND = YES;
				ENABLE_TESTABILITY = YES;
				ENABLE_USER_SCRIPT_SANDBOXING = YES;
				GCC_C_LANGUAGE_STANDARD = gnu17;
				GCC_DYNAMIC_NO_PIC = NO;
				GCC_NO_COMMON_BLOCKS = YES;
				GCC_OPTIMIZATION_LEVEL = 0;
				GCC_PREPROCESSOR_DEFINITIONS = (
					"DEBUG=1",
					"$(inherited)",
				);
				GCC_WARN_64_TO_32_BIT_CONVERSION = YES;
				GCC_WARN_ABOUT_RETURN_TYPE = YES_ERROR;
				GCC_WARN_UNDECLARED_SELECTOR = YES;
				GCC_WARN_UNINITIALIZED_AUTOS = YES_AGGRESSIVE;
				GCC_WARN_UNUSED_FUNCTION = YES;
				GCC_WARN_UNUSED_VARIABLE = YES;
				LOCALIZATION_PREFERS_STRING_CATALOGS = YES;
				MTL_ENABLE_DEBUG_INFO = INCLUDE_SOURCE;
				MTL_FAST_MATH = YES;
				ONLY_ACTIVE_ARCH = YES;
				SWIFT_ACTIVE_COMPILATION_CONDITIONS = "DEBUG $(inherited)";
				SWIFT_OPTIMIZATION_LEVEL = "-Onone";
			};
			name = Debug;
		};
		12D9BDA42ABCCB8C00B9B7B4 /* Release */ = {
			isa = XCBuildConfiguration;
			buildSettings = {
				ALWAYS_SEARCH_USER_PATHS = NO;
				ASSETCATALOG_COMPILER_GENERATE_SWIFT_ASSET_SYMBOL_EXTENSIONS = YES;
				CLANG_ANALYZER_NONNULL = YES;
				CLANG_ANALYZER_NUMBER_OBJECT_CONVERSION = YES_AGGRESSIVE;
				CLANG_CXX_LANGUAGE_STANDARD = "gnu++20";
				CLANG_ENABLE_MODULES = YES;
				CLANG_ENABLE_OBJC_ARC = YES;
				CLANG_ENABLE_OBJC_WEAK = YES;
				CLANG_WARN_BLOCK_CAPTURE_AUTORELEASING = YES;
				CLANG_WARN_BOOL_CONVERSION = YES;
				CLANG_WARN_COMMA = YES;
				CLANG_WARN_CONSTANT_CONVERSION = YES;
				CLANG_WARN_DEPRECATED_OBJC_IMPLEMENTATIONS = YES;
				CLANG_WARN_DIRECT_OBJC_ISA_USAGE = YES_ERROR;
				CLANG_WARN_DOCUMENTATION_COMMENTS = YES;
				CLANG_WARN_EMPTY_BODY = YES;
				CLANG_WARN_ENUM_CONVERSION = YES;
				CLANG_WARN_INFINITE_RECURSION = YES;
				CLANG_WARN_INT_CONVERSION = YES;
				CLANG_WARN_NON_LITERAL_NULL_CONVERSION = YES;
				CLANG_WARN_OBJC_IMPLICIT_RETAIN_SELF = YES;
				CLANG_WARN_OBJC_LITERAL_CONVERSION = YES;
				CLANG_WARN_OBJC_ROOT_CLASS = YES_ERROR;
				CLANG_WARN_QUOTED_INCLUDE_IN_FRAMEWORK_HEADER = YES;
				CLANG_WARN_RANGE_LOOP_ANALYSIS = YES;
				CLANG_WARN_STRICT_PROTOTYPES = YES;
				CLANG_WARN_SUSPICIOUS_MOVE = YES;
				CLANG_WARN_UNGUARDED_AVAILABILITY = YES_AGGRESSIVE;
				CLANG_WARN_UNREACHABLE_CODE = YES;
				CLANG_WARN__DUPLICATE_METHOD_MATCH = YES;
				COPY_PHASE_STRIP = NO;
				DEBUG_INFORMATION_FORMAT = "dwarf-with-dsym";
				ENABLE_NS_ASSERTIONS = NO;
				ENABLE_STRICT_OBJC_MSGSEND = YES;
				ENABLE_USER_SCRIPT_SANDBOXING = YES;
				GCC_C_LANGUAGE_STANDARD = gnu17;
				GCC_NO_COMMON_BLOCKS = YES;
				GCC_WARN_64_TO_32_BIT_CONVERSION = YES;
				GCC_WARN_ABOUT_RETURN_TYPE = YES_ERROR;
				GCC_WARN_UNDECLARED_SELECTOR = YES;
				GCC_WARN_UNINITIALIZED_AUTOS = YES_AGGRESSIVE;
				GCC_WARN_UNUSED_FUNCTION = YES;
				GCC_WARN_UNUSED_VARIABLE = YES;
				LOCALIZATION_PREFERS_STRING_CATALOGS = YES;
				MTL_ENABLE_DEBUG_INFO = NO;
				MTL_FAST_MATH = YES;
				SWIFT_COMPILATION_MODE = wholemodule;
			};
			name = Release;
		};
		12D9BDA62ABCCB8C00B9B7B4 /* Debug */ = {
			isa = XCBuildConfiguration;
			buildSettings = {
				ASSETCATALOG_COMPILER_APPICON_NAME = AppIcon;
				ASSETCATALOG_COMPILER_GLOBAL_ACCENT_COLOR_NAME = AccentColor;
				CODE_SIGN_ENTITLEMENTS = DeWeese/DeWeese.entitlements;
				CODE_SIGN_STYLE = Automatic;
				CURRENT_PROJECT_VERSION = 1;
				DEVELOPMENT_ASSET_PATHS = "\"DeWeese/Preview Content\"";
				DEVELOPMENT_TEAM = 8QQYNTY523;
				ENABLE_HARDENED_RUNTIME = YES;
				ENABLE_PREVIEWS = YES;
				GENERATE_INFOPLIST_FILE = YES;
				"INFOPLIST_KEY_UIApplicationSceneManifest_Generation[sdk=iphoneos*]" = YES;
				"INFOPLIST_KEY_UIApplicationSceneManifest_Generation[sdk=iphonesimulator*]" = YES;
				"INFOPLIST_KEY_UIApplicationSupportsIndirectInputEvents[sdk=iphoneos*]" = YES;
				"INFOPLIST_KEY_UIApplicationSupportsIndirectInputEvents[sdk=iphonesimulator*]" = YES;
				"INFOPLIST_KEY_UILaunchScreen_Generation[sdk=iphoneos*]" = YES;
				"INFOPLIST_KEY_UILaunchScreen_Generation[sdk=iphonesimulator*]" = YES;
				"INFOPLIST_KEY_UIStatusBarStyle[sdk=iphoneos*]" = UIStatusBarStyleDefault;
				"INFOPLIST_KEY_UIStatusBarStyle[sdk=iphonesimulator*]" = UIStatusBarStyleDefault;
				INFOPLIST_KEY_UISupportedInterfaceOrientations_iPad = "UIInterfaceOrientationPortrait UIInterfaceOrientationPortraitUpsideDown UIInterfaceOrientationLandscapeLeft UIInterfaceOrientationLandscapeRight";
				INFOPLIST_KEY_UISupportedInterfaceOrientations_iPhone = "UIInterfaceOrientationPortrait UIInterfaceOrientationLandscapeLeft UIInterfaceOrientationLandscapeRight";
				IPHONEOS_DEPLOYMENT_TARGET = 17.0;
				LD_RUNPATH_SEARCH_PATHS = "@executable_path/Frameworks";
				"LD_RUNPATH_SEARCH_PATHS[sdk=macosx*]" = "@executable_path/../Frameworks";
				MACOSX_DEPLOYMENT_TARGET = 14.0;
				MARKETING_VERSION = 1.0;
				PRODUCT_BUNDLE_IDENTIFIER = com.weldtactics.DeWeese;
				PRODUCT_NAME = "$(TARGET_NAME)";
				SDKROOT = auto;
				SUPPORTED_PLATFORMS = "iphoneos iphonesimulator macosx";
				SWIFT_EMIT_LOC_STRINGS = YES;
				SWIFT_VERSION = 5.0;
				TARGETED_DEVICE_FAMILY = "1,2";
			};
			name = Debug;
		};
		12D9BDA72ABCCB8C00B9B7B4 /* Release */ = {
			isa = XCBuildConfiguration;
			buildSettings = {
				ASSETCATALOG_COMPILER_APPICON_NAME = AppIcon;
				ASSETCATALOG_COMPILER_GLOBAL_ACCENT_COLOR_NAME = AccentColor;
				CODE_SIGN_ENTITLEMENTS = DeWeese/DeWeese.entitlements;
				CODE_SIGN_STYLE = Automatic;
				CURRENT_PROJECT_VERSION = 1;
				DEVELOPMENT_ASSET_PATHS = "\"DeWeese/Preview Content\"";
				DEVELOPMENT_TEAM = 8QQYNTY523;
				ENABLE_HARDENED_RUNTIME = YES;
				ENABLE_PREVIEWS = YES;
				GENERATE_INFOPLIST_FILE = YES;
				"INFOPLIST_KEY_UIApplicationSceneManifest_Generation[sdk=iphoneos*]" = YES;
				"INFOPLIST_KEY_UIApplicationSceneManifest_Generation[sdk=iphonesimulator*]" = YES;
				"INFOPLIST_KEY_UIApplicationSupportsIndirectInputEvents[sdk=iphoneos*]" = YES;
				"INFOPLIST_KEY_UIApplicationSupportsIndirectInputEvents[sdk=iphonesimulator*]" = YES;
				"INFOPLIST_KEY_UILaunchScreen_Generation[sdk=iphoneos*]" = YES;
				"INFOPLIST_KEY_UILaunchScreen_Generation[sdk=iphonesimulator*]" = YES;
				"INFOPLIST_KEY_UIStatusBarStyle[sdk=iphoneos*]" = UIStatusBarStyleDefault;
				"INFOPLIST_KEY_UIStatusBarStyle[sdk=iphonesimulator*]" = UIStatusBarStyleDefault;
				INFOPLIST_KEY_UISupportedInterfaceOrientations_iPad = "UIInterfaceOrientationPortrait UIInterfaceOrientationPortraitUpsideDown UIInterfaceOrientationLandscapeLeft UIInterfaceOrientationLandscapeRight";
				INFOPLIST_KEY_UISupportedInterfaceOrientations_iPhone = "UIInterfaceOrientationPortrait UIInterfaceOrientationLandscapeLeft UIInterfaceOrientationLandscapeRight";
				IPHONEOS_DEPLOYMENT_TARGET = 17.0;
				LD_RUNPATH_SEARCH_PATHS = "@executable_path/Frameworks";
				"LD_RUNPATH_SEARCH_PATHS[sdk=macosx*]" = "@executable_path/../Frameworks";
				MACOSX_DEPLOYMENT_TARGET = 14.0;
				MARKETING_VERSION = 1.0;
				PRODUCT_BUNDLE_IDENTIFIER = com.weldtactics.DeWeese;
				PRODUCT_NAME = "$(TARGET_NAME)";
				SDKROOT = auto;
				SUPPORTED_PLATFORMS = "iphoneos iphonesimulator macosx";
				SWIFT_EMIT_LOC_STRINGS = YES;
				SWIFT_VERSION = 5.0;
				TARGETED_DEVICE_FAMILY = "1,2";
			};
			name = Release;
		};
		12D9BDA92ABCCB8C00B9B7B4 /* Debug */ = {
			isa = XCBuildConfiguration;
			buildSettings = {
				ALWAYS_EMBED_SWIFT_STANDARD_LIBRARIES = YES;
				BUNDLE_LOADER = "$(TEST_HOST)";
				CODE_SIGN_STYLE = Automatic;
				CURRENT_PROJECT_VERSION = 1;
				DEVELOPMENT_TEAM = 8QQYNTY523;
				GENERATE_INFOPLIST_FILE = YES;
				IPHONEOS_DEPLOYMENT_TARGET = 17.0;
				MACOSX_DEPLOYMENT_TARGET = 14.0;
				MARKETING_VERSION = 1.0;
				PRODUCT_BUNDLE_IDENTIFIER = com.weldtactics.DeWeeseTests;
				PRODUCT_NAME = "$(TARGET_NAME)";
				SDKROOT = auto;
				SUPPORTED_PLATFORMS = "iphoneos iphonesimulator macosx";
				SWIFT_EMIT_LOC_STRINGS = NO;
				SWIFT_VERSION = 5.0;
				TARGETED_DEVICE_FAMILY = "1,2";
				TEST_HOST = "$(BUILT_PRODUCTS_DIR)/DeWeese.app/$(BUNDLE_EXECUTABLE_FOLDER_PATH)/DeWeese";
			};
			name = Debug;
		};
		12D9BDAA2ABCCB8C00B9B7B4 /* Release */ = {
			isa = XCBuildConfiguration;
			buildSettings = {
				ALWAYS_EMBED_SWIFT_STANDARD_LIBRARIES = YES;
				BUNDLE_LOADER = "$(TEST_HOST)";
				CODE_SIGN_STYLE = Automatic;
				CURRENT_PROJECT_VERSION = 1;
				DEVELOPMENT_TEAM = 8QQYNTY523;
				GENERATE_INFOPLIST_FILE = YES;
				IPHONEOS_DEPLOYMENT_TARGET = 17.0;
				MACOSX_DEPLOYMENT_TARGET = 14.0;
				MARKETING_VERSION = 1.0;
				PRODUCT_BUNDLE_IDENTIFIER = com.weldtactics.DeWeeseTests;
				PRODUCT_NAME = "$(TARGET_NAME)";
				SDKROOT = auto;
				SUPPORTED_PLATFORMS = "iphoneos iphonesimulator macosx";
				SWIFT_EMIT_LOC_STRINGS = NO;
				SWIFT_VERSION = 5.0;
				TARGETED_DEVICE_FAMILY = "1,2";
				TEST_HOST = "$(BUILT_PRODUCTS_DIR)/DeWeese.app/$(BUNDLE_EXECUTABLE_FOLDER_PATH)/DeWeese";
			};
			name = Release;
		};
		12D9BDAC2ABCCB8C00B9B7B4 /* Debug */ = {
			isa = XCBuildConfiguration;
			buildSettings = {
				ALWAYS_EMBED_SWIFT_STANDARD_LIBRARIES = YES;
				CODE_SIGN_STYLE = Automatic;
				CURRENT_PROJECT_VERSION = 1;
				DEVELOPMENT_TEAM = 8QQYNTY523;
				GENERATE_INFOPLIST_FILE = YES;
				IPHONEOS_DEPLOYMENT_TARGET = 17.0;
				MACOSX_DEPLOYMENT_TARGET = 14.0;
				MARKETING_VERSION = 1.0;
				PRODUCT_BUNDLE_IDENTIFIER = com.weldtactics.DeWeeseUITests;
				PRODUCT_NAME = "$(TARGET_NAME)";
				SDKROOT = auto;
				SUPPORTED_PLATFORMS = "iphoneos iphonesimulator macosx";
				SWIFT_EMIT_LOC_STRINGS = NO;
				SWIFT_VERSION = 5.0;
				TARGETED_DEVICE_FAMILY = "1,2";
				TEST_TARGET_NAME = DeWeese;
			};
			name = Debug;
		};
		12D9BDAD2ABCCB8C00B9B7B4 /* Release */ = {
			isa = XCBuildConfiguration;
			buildSettings = {
				ALWAYS_EMBED_SWIFT_STANDARD_LIBRARIES = YES;
				CODE_SIGN_STYLE = Automatic;
				CURRENT_PROJECT_VERSION = 1;
				DEVELOPMENT_TEAM = 8QQYNTY523;
				GENERATE_INFOPLIST_FILE = YES;
				IPHONEOS_DEPLOYMENT_TARGET = 17.0;
				MACOSX_DEPLOYMENT_TARGET = 14.0;
				MARKETING_VERSION = 1.0;
				PRODUCT_BUNDLE_IDENTIFIER = com.weldtactics.DeWeeseUITests;
				PRODUCT_NAME = "$(TARGET_NAME)";
				SDKROOT = auto;
				SUPPORTED_PLATFORMS = "iphoneos iphonesimulator macosx";
				SWIFT_EMIT_LOC_STRINGS = NO;
				SWIFT_VERSION = 5.0;
				TARGETED_DEVICE_FAMILY = "1,2";
				TEST_TARGET_NAME = DeWeese;
			};
			name = Release;
		};
/* End XCBuildConfiguration section */

/* Begin XCConfigurationList section */
		12D9BD7B2ABCCB8B00B9B7B4 /* Build configuration list for PBXProject "DeWeese" */ = {
			isa = XCConfigurationList;
			buildConfigurations = (
				12D9BDA32ABCCB8C00B9B7B4 /* Debug */,
				12D9BDA42ABCCB8C00B9B7B4 /* Release */,
			);
			defaultConfigurationIsVisible = 0;
			defaultConfigurationName = Release;
		};
		12D9BDA52ABCCB8C00B9B7B4 /* Build configuration list for PBXNativeTarget "DeWeese" */ = {
			isa = XCConfigurationList;
			buildConfigurations = (
				12D9BDA62ABCCB8C00B9B7B4 /* Debug */,
				12D9BDA72ABCCB8C00B9B7B4 /* Release */,
			);
			defaultConfigurationIsVisible = 0;
			defaultConfigurationName = Release;
		};
		12D9BDA82ABCCB8C00B9B7B4 /* Build configuration list for PBXNativeTarget "DeWeeseTests" */ = {
			isa = XCConfigurationList;
			buildConfigurations = (
				12D9BDA92ABCCB8C00B9B7B4 /* Debug */,
				12D9BDAA2ABCCB8C00B9B7B4 /* Release */,
			);
			defaultConfigurationIsVisible = 0;
			defaultConfigurationName = Release;
		};
		12D9BDAB2ABCCB8C00B9B7B4 /* Build configuration list for PBXNativeTarget "DeWeeseUITests" */ = {
			isa = XCConfigurationList;
			buildConfigurations = (
				12D9BDAC2ABCCB8C00B9B7B4 /* Debug */,
				12D9BDAD2ABCCB8C00B9B7B4 /* Release */,
			);
			defaultConfigurationIsVisible = 0;
			defaultConfigurationName = Release;
		};
/* End XCConfigurationList section */

/* Begin XCRemoteSwiftPackageReference section */
		12D9BDB42ABCD58300B9B7B4 /* XCRemoteSwiftPackageReference "realm-swift" */ = {
			isa = XCRemoteSwiftPackageReference;
			repositoryURL = "https://github.com/realm/realm-swift.git";
			requirement = {
				branch = master;
				kind = branch;
			};
		};
/* End XCRemoteSwiftPackageReference section */

/* Begin XCSwiftPackageProductDependency section */
		12D9BDB52ABCD58300B9B7B4 /* Realm */ = {
			isa = XCSwiftPackageProductDependency;
			package = 12D9BDB42ABCD58300B9B7B4 /* XCRemoteSwiftPackageReference "realm-swift" */;
			productName = Realm;
		};
		12D9BDB72ABCD58300B9B7B4 /* RealmSwift */ = {
			isa = XCSwiftPackageProductDependency;
			package = 12D9BDB42ABCD58300B9B7B4 /* XCRemoteSwiftPackageReference "realm-swift" */;
			productName = RealmSwift;
		};
/* End XCSwiftPackageProductDependency section */
	};
	rootObject = 12D9BD782ABCCB8B00B9B7B4 /* Project object */;
}
